# THIS IS AN AUTOGENERATED FILE. DO NOT EDIT THIS FILE DIRECTLY.
# yarn lockfile v1


granim@^2.0.0:
  version "2.0.0"
  resolved "https://registry.yarnpkg.com/granim/-/granim-2.0.0.tgz#cd3905e97dd5cb5ef0b164b68d5073ac43f1eec6"
  integrity sha512-aqa79K49ndjoUBtpYzlO8sKcuVQED+5axvX0SveqTLDR+Fa2G42AGntuQ36ysCFOWGVkWCLfHowFwk+D/9rGDg==
